
Microsoft Visual Studio Solution File, Format Version 12.00
# Visual Studio Version 17
VisualStudioVersion = 17.1.32421.90
MinimumVisualStudioVersion = 10.0.40219.1
Project("{FAE04EC0-301F-11D3-BF4B-00C04F79EFBC}") = "LessonLib19", "LessonLib19\LessonLib19.csproj", "{7D7AC194-DD36-43C9-84B7-48CBC74A4B95}"
EndProject
Project("{FAE04EC0-301F-11D3-BF4B-00C04F79EFBC}") = "MathLibrary19", "MathLibrary19\MathLibrary19.csproj", "{FDF817D5-69E6-412C-A222-4D9155674676}"
EndProject
Project("{FAE04EC0-301F-11D3-BF4B-00C04F79EFBC}") = "UnitTestProject19", "UnitTestProject19\UnitTestProject19.csproj", "{9FBAEEE5-2145-4D6E-8E68-E629EDE60A11}"
EndProject
Global
	GlobalSection(SolutionConfigurationPlatforms) = preSolution
		Debug|Any CPU = Debug|Any CPU
		Release|Any CPU = Release|Any CPU
	EndGlobalSection
	GlobalSection(ProjectConfigurationPlatforms) = postSolution
		{7D7AC194-DD36-43C9-84B7-48CBC74A4B95}.Debug|Any CPU.ActiveCfg = Debug|Any CPU
		{7D7AC194-DD36-43C9-84B7-48CBC74A4B95}.Debug|Any CPU.Build.0 = Debug|Any CPU
		{7D7AC194-DD36-43C9-84B7-48CBC74A4B95}.Release|Any CPU.ActiveCfg = Release|Any CPU
		{7D7AC194-DD36-43C9-84B7-48CBC74A4B95}.Release|Any CPU.Build.0 = Release|Any CPU
		{FDF817D5-69E6-412C-A222-4D9155674676}.Debug|Any CPU.ActiveCfg = Debug|Any CPU
		{FDF817D5-69E6-412C-A222-4D9155674676}.Debug|Any CPU.Build.0 = Debug|Any CPU
		{FDF817D5-69E6-412C-A222-4D9155674676}.Release|Any CPU.ActiveCfg = Release|Any CPU
		{FDF817D5-69E6-412C-A222-4D9155674676}.Release|Any CPU.Build.0 = Release|Any CPU
		{9FBAEEE5-2145-4D6E-8E68-E629EDE60A11}.Debug|Any CPU.ActiveCfg = Debug|Any CPU
		{9FBAEEE5-2145-4D6E-8E68-E629EDE60A11}.Debug|Any CPU.Build.0 = Debug|Any CPU
		{9FBAEEE5-2145-4D6E-8E68-E629EDE60A11}.Release|Any CPU.ActiveCfg = Release|Any CPU
		{9FBAEEE5-2145-4D6E-8E68-E629EDE60A11}.Release|Any CPU.Build.0 = Release|Any CPU
	EndGlobalSection
	GlobalSection(SolutionProperties) = preSolution
		HideSolutionNode = FALSE
	EndGlobalSection
	GlobalSection(ExtensibilityGlobals) = postSolution
		SolutionGuid = {5968B9F1-FE02-4418-857B-9360693DCA2D}
	EndGlobalSection
EndGlobal
